
Microsoft Visual Studio Solution File, Format Version 12.00
# Visual Studio Version 16
VisualStudioVersion = 16.0.31624.102
MinimumVisualStudioVersion = 10.0.40219.1
Project("{FAE04EC0-301F-11D3-BF4B-00C04F79EFBC}") = "lab2", "lab2\lab2.csproj", "{3708C377-89B7-401B-BEAF-22C80E10839B}"
EndProject
Global
	GlobalSection(SolutionConfigurationPlatforms) = preSolution
		Debug|Any CPU = Debug|Any CPU
		Release|Any CPU = Release|Any CPU
	EndGlobalSection
	GlobalSection(ProjectConfigurationPlatforms) = postSolution
		{3708C377-89B7-401B-BEAF-22C80E10839B}.Debug|Any CPU.ActiveCfg = Debug|Any CPU
		{3708C377-89B7-401B-BEAF-22C80E10839B}.Debug|Any CPU.Build.0 = Debug|Any CPU
		{3708C377-89B7-401B-BEAF-22C80E10839B}.Release|Any CPU.ActiveCfg = Release|Any CPU
		{3708C377-89B7-401B-BEAF-22C80E10839B}.Release|Any CPU.Build.0 = Release|Any CPU
	EndGlobalSection
	GlobalSection(SolutionProperties) = preSolution
		HideSolutionNode = FALSE
	EndGlobalSection
	GlobalSection(ExtensibilityGlobals) = postSolution
		SolutionGuid = {901ED9F7-E278-4B26-9D09-C0377C132288}
	EndGlobalSection
EndGlobal
